
Microsoft Visual Studio Solution File, Format Version 12.00
# Visual Studio Version 17
VisualStudioVersion = 17.7.34202.233
MinimumVisualStudioVersion = 10.0.40219.1
Project("{9A19103F-16F7-4668-BE54-9A1E7A4F7556}") = "FutBol Torneos Management", "FutBol Torneos Management.csproj", "{3C35EAE7-C2B2-4B36-82BA-71D1905F8B3F}"
EndProject
Project("{9A19103F-16F7-4668-BE54-9A1E7A4F7556}") = "EstructuraDeClases", "..\..\Users\SuperUsuario\Desktop\UMG\QUINTO SEMESTRE\PROGRAMACION 3\EstructuraDeClases\EstructuraDeClases.csproj", "{3611E962-02A9-4A39-A1AC-EDB5BFD69D97}"
EndProject
Project("{9A19103F-16F7-4668-BE54-9A1E7A4F7556}") = "Tabla Hash", "..\..\Users\SuperUsuario\Desktop\UMG\QUINTO SEMESTRE\PROGRAMACION 3\Tarea Tablas Hash\Tabla Hash\Tabla Hash.csproj", "{609180C0-DC15-46F0-BC37-55FEABBE6FBA}"
EndProject
Global
	GlobalSection(SolutionConfigurationPlatforms) = preSolution
		Debug|Any CPU = Debug|Any CPU
		Ejecutable|Any CPU = Ejecutable|Any CPU
	EndGlobalSection
	GlobalSection(ProjectConfigurationPlatforms) = postSolution
		{3C35EAE7-C2B2-4B36-82BA-71D1905F8B3F}.Debug|Any CPU.ActiveCfg = Debug|Any CPU
		{3C35EAE7-C2B2-4B36-82BA-71D1905F8B3F}.Debug|Any CPU.Build.0 = Debug|Any CPU
		{3C35EAE7-C2B2-4B36-82BA-71D1905F8B3F}.Ejecutable|Any CPU.ActiveCfg = Ejecutable|Any CPU
		{3C35EAE7-C2B2-4B36-82BA-71D1905F8B3F}.Ejecutable|Any CPU.Build.0 = Ejecutable|Any CPU
		{3611E962-02A9-4A39-A1AC-EDB5BFD69D97}.Debug|Any CPU.ActiveCfg = Debug|Any CPU
		{3611E962-02A9-4A39-A1AC-EDB5BFD69D97}.Debug|Any CPU.Build.0 = Debug|Any CPU
		{3611E962-02A9-4A39-A1AC-EDB5BFD69D97}.Ejecutable|Any CPU.ActiveCfg = Release|Any CPU
		{3611E962-02A9-4A39-A1AC-EDB5BFD69D97}.Ejecutable|Any CPU.Build.0 = Release|Any CPU
		{609180C0-DC15-46F0-BC37-55FEABBE6FBA}.Debug|Any CPU.ActiveCfg = Debug|Any CPU
		{609180C0-DC15-46F0-BC37-55FEABBE6FBA}.Debug|Any CPU.Build.0 = Debug|Any CPU
		{609180C0-DC15-46F0-BC37-55FEABBE6FBA}.Ejecutable|Any CPU.ActiveCfg = Ejecutable|Any CPU
		{609180C0-DC15-46F0-BC37-55FEABBE6FBA}.Ejecutable|Any CPU.Build.0 = Ejecutable|Any CPU
	EndGlobalSection
	GlobalSection(SolutionProperties) = preSolution
		HideSolutionNode = FALSE
	EndGlobalSection
	GlobalSection(ExtensibilityGlobals) = postSolution
		SolutionGuid = {E52E6A9A-6800-4DBF-9AE0-EC32751BB7CD}
	EndGlobalSection
EndGlobal
